{
  "name": "anys-web-plugin-store-offline",
  "version": "4.0.0",
  "lockfileVersion": 3,
  "requires": true,
  "packages": {
    "": {
      "name": "anys-web-plugin-store-offline",
      "version": "4.0.0",
      "license": "Apache-2.0",
      "dependencies": {
        "indb": "^4.0.1"
      }
    },
    "node_modules/indb": {
      "version": "4.0.1",
      "resolved": "https://registry.npmjs.org/indb/-/indb-4.0.1.tgz",
      "integrity": "sha512-5RTPDoizRLC3pMHqG7Wx1sTwj3+mdVqMcoVFydk/SVJVdNmdbErXJCW3Gf+My0IL2h1IB5eqm9ktaqoQweuF/g=="
    }
  }
}
