{
  "name": "anys",
  "version": "1.0.0",
  "lockfileVersion": 2,
  "requires": true,
  "packages": {
    "": {
      "name": "anys",
      "version": "1.0.0",
      "license": "Apache-2.0",
      "dependencies": {
        "ts-fns": "^11.1.1"
      }
    },
    "node_modules/ts-fns": {
      "version": "11.1.1",
      "resolved": "https://registry.npmjs.org/ts-fns/-/ts-fns-11.1.1.tgz",
      "integrity": "sha512-NOuzS4XbG+pxGoetLe9PljPU+XywuKW5Wt8vqIreQ+z+CPUU4yGU8G0LMY/d5hmJk9T4sLNrvuX9mSnFw8cAbQ=="
    }
  },
  "dependencies": {
    "ts-fns": {
      "version": "11.1.1",
      "resolved": "https://registry.npmjs.org/ts-fns/-/ts-fns-11.1.1.tgz",
      "integrity": "sha512-NOuzS4XbG+pxGoetLe9PljPU+XywuKW5Wt8vqIreQ+z+CPUU4yGU8G0LMY/d5hmJk9T4sLNrvuX9mSnFw8cAbQ=="
    }
  }
}
